Microsoft Visual Studio Solution File, Format Version 12.00
# Visual Studio Version 17
VisualStudioVersion = 17.13.35931.197
MinimumVisualStudioVersion = 10.0.40219.1
Project("{FAE04EC0-301F-11D3-BF4B-00C04F79EFBC}") = "TripFront", "TripFront.csproj", "{6B35C51C-1E43-4B78-94D4-91620C3FDC8B}"
EndProject
Project("{FAE04EC0-301F-11D3-BF4B-00C04F79EFBC}") = "TripFront.Api", "TripFront.Api\\TripFront.Api.csproj", "{56C06D6E-F635-4012-B526-AC89CCDAE189}"
EndProject
Global
	GlobalSection(SolutionConfigurationPlatforms) = preSolution
		Debug|Any CPU = Debug|Any CPU
		Release|Any CPU = Release|Any CPU
	EndGlobalSection
        GlobalSection(ProjectConfigurationPlatforms) = postSolution
                {6B35C51C-1E43-4B78-94D4-91620C3FDC8B}.Debug|Any CPU.ActiveCfg = Debug|Any CPU
                {6B35C51C-1E43-4B78-94D4-91620C3FDC8B}.Debug|Any CPU.Build.0 = Debug|Any CPU
                {6B35C51C-1E43-4B78-94D4-91620C3FDC8B}.Release|Any CPU.ActiveCfg = Release|Any CPU
                {6B35C51C-1E43-4B78-94D4-91620C3FDC8B}.Release|Any CPU.Build.0 = Release|Any CPU
                {56C06D6E-F635-4012-B526-AC89CCDAE189}.Debug|Any CPU.ActiveCfg = Debug|Any CPU
                {56C06D6E-F635-4012-B526-AC89CCDAE189}.Debug|Any CPU.Build.0 = Debug|Any CPU
                {56C06D6E-F635-4012-B526-AC89CCDAE189}.Release|Any CPU.ActiveCfg = Release|Any CPU
                {56C06D6E-F635-4012-B526-AC89CCDAE189}.Release|Any CPU.Build.0 = Release|Any CPU
        EndGlobalSection
	GlobalSection(SolutionProperties) = preSolution
		HideSolutionNode = FALSE
	EndGlobalSection
	GlobalSection(ExtensibilityGlobals) = postSolution
		SolutionGuid = {9C5BADC5-618D-4ADC-89ED-F09BA041FEA7}
	EndGlobalSection
EndGlobal
